{
  "name": "lefthook",
  "lockfileVersion": 2,
  "requires": true,
  "packages": {
    "": {
      "hasInstallScript": true,
      "devDependencies": {
        "lefthook": "^1.4.11"
      }
    },
    "node_modules/lefthook": {
      "version": "1.4.11",
      "resolved": "https://registry.npmjs.org/lefthook/-/lefthook-1.4.11.tgz",
      "integrity": "sha512-pz1578a2zoiUHZRt3x3fANgx8W9nRex37Xt96NqU4YPXNvwNAZucsEchSjYzkxZqV/UK/IAU6R+IQGBeuFx7Dg==",
      "dev": true,
      "hasInstallScript": true,
      "bin": {
        "lefthook": "bin/index.js"
      },
      "optionalDependencies": {
        "lefthook-darwin-arm64": "1.4.11",
        "lefthook-darwin-x64": "1.4.11",
        "lefthook-freebsd-arm64": "1.4.11",
        "lefthook-freebsd-x64": "1.4.11",
        "lefthook-linux-arm64": "1.4.11",
        "lefthook-linux-x64": "1.4.11",
        "lefthook-windows-arm64": "1.4.11",
        "lefthook-windows-x64": "1.4.11"
      }
    },
    "node_modules/lefthook-darwin-arm64": {
      "version": "1.4.11",
      "resolved": "https://registry.npmjs.org/lefthook-darwin-arm64/-/lefthook-darwin-arm64-1.4.11.tgz",
      "integrity": "sha512-XyF532yTp+UoqN22QNHk1TxnbUaGPBkIlQ1N4GlYRl3GJiBeiCVEoGzmibXcWnR0OIN+nAhRjoNkaj3JocPvYQ==",
      "cpu": [
        "arm64"
      ],
      "dev": true,
      "optional": true,
      "os": [
        "darwin"
      ]
    },
    "node_modules/lefthook-darwin-x64": {
      "version": "1.4.11",
      "resolved": "https://registry.npmjs.org/lefthook-darwin-x64/-/lefthook-darwin-x64-1.4.11.tgz",
      "integrity": "sha512-OGyCwRqCLsy14/eSNIC3QiZvy+q9UdwsJUn/iVXYegFwYIhTMpUeyLspoXNrYoPZmDs4OB6Nd5n5JHcrSuOVvQ==",
      "cpu": [
        "x64"
      ],
      "dev": true,
      "optional": true,
      "os": [
        "darwin"
      ]
    },
    "node_modules/lefthook-freebsd-arm64": {
      "version": "1.4.11",
      "resolved": "https://registry.npmjs.org/lefthook-freebsd-arm64/-/lefthook-freebsd-arm64-1.4.11.tgz",
      "integrity": "sha512-3JGAyuf8PmGWkNUL8z1G5PQKrLaiJGOeXXeCgCIJG7AevITyrEljYhP2qxaRSTyoBnwavBPeNYQXt+AG4Smthw==",
      "cpu": [
        "arm64"
      ],
      "dev": true,
      "optional": true,
      "os": [
        "freebsd"
      ]
    },
    "node_modules/lefthook-freebsd-x64": {
      "version": "1.4.11",
      "resolved": "https://registry.npmjs.org/lefthook-freebsd-x64/-/lefthook-freebsd-x64-1.4.11.tgz",
      "integrity": "sha512-8J7lZOwbxarFk3mivQTh5kXf0FhQSydCiB8KUFy/j2RAIYtpZdGOHEBtLw6aGAFzzhBfo0zPkVZ2ouhisLNelw==",
      "cpu": [
        "x64"
      ],
      "dev": true,
      "optional": true,
      "os": [
        "freebsd"
      ]
    },
    "node_modules/lefthook-linux-arm64": {
      "version": "1.4.11",
      "resolved": "https://registry.npmjs.org/lefthook-linux-arm64/-/lefthook-linux-arm64-1.4.11.tgz",
      "integrity": "sha512-H1ArFa3K54V3lQ0xV2cZKiNAjmzJA/xi2kuD8ERV96gwYq4vpGzY4x/wJL77UVKdw7Ofqy/FS8kEn3uCT2JvOA==",
      "cpu": [
        "arm64"
      ],
      "dev": true,
      "optional": true,
      "os": [
        "linux"
      ]
    },
    "node_modules/lefthook-linux-x64": {
      "version": "1.4.11",
      "resolved": "https://registry.npmjs.org/lefthook-linux-x64/-/lefthook-linux-x64-1.4.11.tgz",
      "integrity": "sha512-KtDmtnsg6kjNufx97N47BdP2ZFgHBHQb+rWwR2RagzNY3exYQM9iH+d0BeY0RuIUL+QwUCkpkVeEYgTrMcN3+A==",
      "cpu": [
        "x64"
      ],
      "dev": true,
      "optional": true,
      "os": [
        "linux"
      ]
    },
    "node_modules/lefthook-windows-arm64": {
      "version": "1.4.11",
      "resolved": "https://registry.npmjs.org/lefthook-windows-arm64/-/lefthook-windows-arm64-1.4.11.tgz",
      "integrity": "sha512-9GbPflx7F70jqHy8bEVxthmlmUUb+2NnzPU/Kk10DpWuZLXLOXWK7yGqIQogAnqwhlo4bSrWaWGfRULtAsQ2DQ==",
      "cpu": [
        "arm64"
      ],
      "dev": true,
      "optional": true,
      "os": [
        "win32"
      ]
    },
    "node_modules/lefthook-windows-x64": {
      "version": "1.4.11",
      "resolved": "https://registry.npmjs.org/lefthook-windows-x64/-/lefthook-windows-x64-1.4.11.tgz",
      "integrity": "sha512-UI3EiY4OXplWx3WTddOyakazs5uD8QD5XIawRxNamZ4iJe/paLzBWbWZ6Xix9kpE06tmE2z9DfLT3A/08l23Gg==",
      "cpu": [
        "x64"
      ],
      "dev": true,
      "optional": true,
      "os": [
        "win32"
      ]
    }
  },
  "dependencies": {
    "lefthook": {
      "version": "1.4.11",
      "resolved": "https://registry.npmjs.org/lefthook/-/lefthook-1.4.11.tgz",
      "integrity": "sha512-pz1578a2zoiUHZRt3x3fANgx8W9nRex37Xt96NqU4YPXNvwNAZucsEchSjYzkxZqV/UK/IAU6R+IQGBeuFx7Dg==",
      "dev": true,
      "requires": {
        "lefthook-darwin-arm64": "1.4.11",
        "lefthook-darwin-x64": "1.4.11",
        "lefthook-freebsd-arm64": "1.4.11",
        "lefthook-freebsd-x64": "1.4.11",
        "lefthook-linux-arm64": "1.4.11",
        "lefthook-linux-x64": "1.4.11",
        "lefthook-windows-arm64": "1.4.11",
        "lefthook-windows-x64": "1.4.11"
      }
    },
    "lefthook-darwin-arm64": {
      "version": "1.4.11",
      "resolved": "https://registry.npmjs.org/lefthook-darwin-arm64/-/lefthook-darwin-arm64-1.4.11.tgz",
      "integrity": "sha512-XyF532yTp+UoqN22QNHk1TxnbUaGPBkIlQ1N4GlYRl3GJiBeiCVEoGzmibXcWnR0OIN+nAhRjoNkaj3JocPvYQ==",
      "dev": true,
      "optional": true
    },
    "lefthook-darwin-x64": {
      "version": "1.4.11",
      "resolved": "https://registry.npmjs.org/lefthook-darwin-x64/-/lefthook-darwin-x64-1.4.11.tgz",
      "integrity": "sha512-OGyCwRqCLsy14/eSNIC3QiZvy+q9UdwsJUn/iVXYegFwYIhTMpUeyLspoXNrYoPZmDs4OB6Nd5n5JHcrSuOVvQ==",
      "dev": true,
      "optional": true
    },
    "lefthook-freebsd-arm64": {
      "version": "1.4.11",
      "resolved": "https://registry.npmjs.org/lefthook-freebsd-arm64/-/lefthook-freebsd-arm64-1.4.11.tgz",
      "integrity": "sha512-3JGAyuf8PmGWkNUL8z1G5PQKrLaiJGOeXXeCgCIJG7AevITyrEljYhP2qxaRSTyoBnwavBPeNYQXt+AG4Smthw==",
      "dev": true,
      "optional": true
    },
    "lefthook-freebsd-x64": {
      "version": "1.4.11",
      "resolved": "https://registry.npmjs.org/lefthook-freebsd-x64/-/lefthook-freebsd-x64-1.4.11.tgz",
      "integrity": "sha512-8J7lZOwbxarFk3mivQTh5kXf0FhQSydCiB8KUFy/j2RAIYtpZdGOHEBtLw6aGAFzzhBfo0zPkVZ2ouhisLNelw==",
      "dev": true,
      "optional": true
    },
    "lefthook-linux-arm64": {
      "version": "1.4.11",
      "resolved": "https://registry.npmjs.org/lefthook-linux-arm64/-/lefthook-linux-arm64-1.4.11.tgz",
      "integrity": "sha512-H1ArFa3K54V3lQ0xV2cZKiNAjmzJA/xi2kuD8ERV96gwYq4vpGzY4x/wJL77UVKdw7Ofqy/FS8kEn3uCT2JvOA==",
      "dev": true,
      "optional": true
    },
    "lefthook-linux-x64": {
      "version": "1.4.11",
      "resolved": "https://registry.npmjs.org/lefthook-linux-x64/-/lefthook-linux-x64-1.4.11.tgz",
      "integrity": "sha512-KtDmtnsg6kjNufx97N47BdP2ZFgHBHQb+rWwR2RagzNY3exYQM9iH+d0BeY0RuIUL+QwUCkpkVeEYgTrMcN3+A==",
      "dev": true,
      "optional": true
    },
    "lefthook-windows-arm64": {
      "version": "1.4.11",
      "resolved": "https://registry.npmjs.org/lefthook-windows-arm64/-/lefthook-windows-arm64-1.4.11.tgz",
      "integrity": "sha512-9GbPflx7F70jqHy8bEVxthmlmUUb+2NnzPU/Kk10DpWuZLXLOXWK7yGqIQogAnqwhlo4bSrWaWGfRULtAsQ2DQ==",
      "dev": true,
      "optional": true
    },
    "lefthook-windows-x64": {
      "version": "1.4.11",
      "resolved": "https://registry.npmjs.org/lefthook-windows-x64/-/lefthook-windows-x64-1.4.11.tgz",
      "integrity": "sha512-UI3EiY4OXplWx3WTddOyakazs5uD8QD5XIawRxNamZ4iJe/paLzBWbWZ6Xix9kpE06tmE2z9DfLT3A/08l23Gg==",
      "dev": true,
      "optional": true
    }
  }
}
